# This file is automatically @generated by Cargo.
# It is not intended for manual editing.
version = 3

[[package]]
name = "add-two-numbers"
version = "0.1.0"

[[package]]
name = "length-of-longest-substring"
version = "0.1.0"

[[package]]
name = "median-of-two-sorted-arrays"
version = "0.1.0"

[[package]]
name = "two-sum"
version = "0.1.0"
